// !$*UTF8*$!
{
	archiveVersion = 1;
	classes = {
	};
	objectVersion = 48;
	objects = {

/* Begin PBXBuildFile section */
		066D64BA202AE0FD00811737 /* AppDelegate.swift in Sources */ = {isa = PBXBuildFile; fileRef = 066D64B9202AE0FD00811737 /* AppDelegate.swift */; };
		066D64BC202AE0FD00811737 /* MainVC.swift in Sources */ = {isa = PBXBuildFile; fileRef = 066D64BB202AE0FD00811737 /* MainVC.swift */; };
		066D64BF202AE0FD00811737 /* Main.storyboard in Resources */ = {isa = PBXBuildFile; fileRef = 066D64BD202AE0FD00811737 /* Main.storyboard */; };
		066D64C1202AE0FD00811737 /* Assets.xcassets in Resources */ = {isa = PBXBuildFile; fileRef = 066D64C0202AE0FD00811737 /* Assets.xcassets */; };
		066D64C4202AE0FD00811737 /* LaunchScreen.storyboard in Resources */ = {isa = PBXBuildFile; fileRef = 066D64C2202AE0FD00811737 /* LaunchScreen.storyboard */; };
		066D64D1202AF4FA00811737 /* HMResource.xcdatamodeld in Sources */ = {isa = PBXBuildFile; fileRef = 066D64CF202AF4FA00811737 /* HMResource.xcdatamodeld */; };
		067D6CC0202C1740000A4C2D /* HResource.swift in Sources */ = {isa = PBXBuildFile; fileRef = 067D6CBF202C173F000A4C2D /* HResource.swift */; };
		067D6CC2202C1A72000A4C2D /* HResourceDetailVC.swift in Sources */ = {isa = PBXBuildFile; fileRef = 067D6CC1202C1A72000A4C2D /* HResourceDetailVC.swift */; };
		067D6CC4202C233C000A4C2D /* HResourceTableViewCell.swift in Sources */ = {isa = PBXBuildFile; fileRef = 067D6CC3202C233C000A4C2D /* HResourceTableViewCell.swift */; };
		067E18A120312DE2006C0EC2 /* NewResourceVC.swift in Sources */ = {isa = PBXBuildFile; fileRef = 067E18A020312DE2006C0EC2 /* NewResourceVC.swift */; };
/* End PBXBuildFile section */

/* Begin PBXFileReference section */
		066D64B6202AE0FD00811737 /* Homelet.app */ = {isa = PBXFileReference; explicitFileType = wrapper.application; includeInIndex = 0; path = Homelet.app; sourceTree = BUILT_PRODUCTS_DIR; };
		066D64B9202AE0FD00811737 /* AppDelegate.swift */ = {isa = PBXFileReference; lastKnownFileType = sourcecode.swift; path = AppDelegate.swift; sourceTree = "<group>"; };
		066D64BB202AE0FD00811737 /* MainVC.swift */ = {isa = PBXFileReference; lastKnownFileType = sourcecode.swift; path = MainVC.swift; sourceTree = "<group>"; };
		066D64BE202AE0FD00811737 /* Base */ = {isa = PBXFileReference; lastKnownFileType = file.storyboard; name = Base; path = Base.lproj/Main.storyboard; sourceTree = "<group>"; };
		066D64C0202AE0FD00811737 /* Assets.xcassets */ = {isa = PBXFileReference; lastKnownFileType = folder.assetcatalog; path = Assets.xcassets; sourceTree = "<group>"; };
		066D64C3202AE0FD00811737 /* Base */ = {isa = PBXFileReference; lastKnownFileType = file.storyboard; name = Base; path = Base.lproj/LaunchScreen.storyboard; sourceTree = "<group>"; };
		066D64C5202AE0FD00811737 /* Info.plist */ = {isa = PBXFileReference; lastKnownFileType = text.plist.xml; path = Info.plist; sourceTree = "<group>"; };
		066D64D0202AF4FA00811737 /* HMResource.xcdatamodel */ = {isa = PBXFileReference; lastKnownFileType = wrapper.xcdatamodel; path = HMResource.xcdatamodel; sourceTree = "<group>"; };
		067D6CBF202C173F000A4C2D /* HResource.swift */ = {isa = PBXFileReference; lastKnownFileType = sourcecode.swift; path = HResource.swift; sourceTree = "<group>"; };
		067D6CC1202C1A72000A4C2D /* HResourceDetailVC.swift */ = {isa = PBXFileReference; lastKnownFileType = sourcecode.swift; path = HResourceDetailVC.swift; sourceTree = "<group>"; };
		067D6CC3202C233C000A4C2D /* HResourceTableViewCell.swift */ = {isa = PBXFileReference; lastKnownFileType = sourcecode.swift; path = HResourceTableViewCell.swift; sourceTree = "<group>"; };
		067E18A020312DE2006C0EC2 /* NewResourceVC.swift */ = {isa = PBXFileReference; lastKnownFileType = sourcecode.swift; path = NewResourceVC.swift; sourceTree = "<group>"; };
/* End PBXFileReference section */

/* Begin PBXFrameworksBuildPhase section */
		066D64B3202AE0FD00811737 /* Frameworks */ = {
			isa = PBXFrameworksBuildPhase;
			buildActionMask = 2147483647;
			files = (
			);
			runOnlyForDeploymentPostprocessing = 0;
		};
/* End PBXFrameworksBuildPhase section */

/* Begin PBXGroup section */
		066D64AD202AE0FD00811737 = {
			isa = PBXGroup;
			children = (
				066D64B8202AE0FD00811737 /* Homelet */,
				066D64B7202AE0FD00811737 /* Products */,
			);
			sourceTree = "<group>";
		};
		066D64B7202AE0FD00811737 /* Products */ = {
			isa = PBXGroup;
			children = (
				066D64B6202AE0FD00811737 /* Homelet.app */,
			);
			name = Products;
			sourceTree = "<group>";
		};
		066D64B8202AE0FD00811737 /* Homelet */ = {
			isa = PBXGroup;
			children = (
				066D64CF202AF4FA00811737 /* HMResource.xcdatamodeld */,
				066D64CE202AE39600811737 /* storyboard */,
				066D64CD202AE38C00811737 /* view */,
				066D64CC202AE38600811737 /* model */,
				066D64CB202AE37000811737 /* controller */,
				066D64B9202AE0FD00811737 /* AppDelegate.swift */,
				066D64C0202AE0FD00811737 /* Assets.xcassets */,
				066D64C5202AE0FD00811737 /* Info.plist */,
			);
			path = Homelet;
			sourceTree = "<group>";
		};
		066D64CB202AE37000811737 /* controller */ = {
			isa = PBXGroup;
			children = (
				066D64BB202AE0FD00811737 /* MainVC.swift */,
				067D6CC1202C1A72000A4C2D /* HResourceDetailVC.swift */,
				067E18A020312DE2006C0EC2 /* NewResourceVC.swift */,
			);
			path = controller;
			sourceTree = "<group>";
		};
		066D64CC202AE38600811737 /* model */ = {
			isa = PBXGroup;
			children = (
				067D6CBF202C173F000A4C2D /* HResource.swift */,
			);
			path = model;
			sourceTree = "<group>";
		};
		066D64CD202AE38C00811737 /* view */ = {
			isa = PBXGroup;
			children = (
				067D6CC3202C233C000A4C2D /* HResourceTableViewCell.swift */,
			);
			path = view;
			sourceTree = "<group>";
		};
		066D64CE202AE39600811737 /* storyboard */ = {
			isa = PBXGroup;
			children = (
				066D64BD202AE0FD00811737 /* Main.storyboard */,
				066D64C2202AE0FD00811737 /* LaunchScreen.storyboard */,
			);
			path = storyboard;
			sourceTree = "<group>";
		};
/* End PBXGroup section */

/* Begin PBXNativeTarget section */
		066D64B5202AE0FD00811737 /* Homelet */ = {
			isa = PBXNativeTarget;
			buildConfigurationList = 066D64C8202AE0FD00811737 /* Build configuration list for PBXNativeTarget "Homelet" */;
			buildPhases = (
				066D64B2202AE0FD00811737 /* Sources */,
				066D64B3202AE0FD00811737 /* Frameworks */,
				066D64B4202AE0FD00811737 /* Resources */,
			);
			buildRules = (
			);
			dependencies = (
			);
			name = Homelet;
			productName = Homelet;
			productReference = 066D64B6202AE0FD00811737 /* Homelet.app */;
			productType = "com.apple.product-type.application";
		};
/* End PBXNativeTarget section */

/* Begin PBXProject section */
		066D64AE202AE0FD00811737 /* Project object */ = {
			isa = PBXProject;
			attributes = {
				LastSwiftUpdateCheck = 0920;
				LastUpgradeCheck = 0920;
				ORGANIZATIONNAME = heshuhua;
				TargetAttributes = {
					066D64B5202AE0FD00811737 = {
						CreatedOnToolsVersion = 9.2;
						ProvisioningStyle = Automatic;
					};
				};
			};
			buildConfigurationList = 066D64B1202AE0FD00811737 /* Build configuration list for PBXProject "Homelet" */;
			compatibilityVersion = "Xcode 8.0";
			developmentRegion = en;
			hasScannedForEncodings = 0;
			knownRegions = (
				en,
				Base,
			);
			mainGroup = 066D64AD202AE0FD00811737;
			productRefGroup = 066D64B7202AE0FD00811737 /* Products */;
			projectDirPath = "";
			projectRoot = "";
			targets = (
				066D64B5202AE0FD00811737 /* Homelet */,
			);
		};
/* End PBXProject section */

/* Begin PBXResourcesBuildPhase section */
		066D64B4202AE0FD00811737 /* Resources */ = {
			isa = PBXResourcesBuildPhase;
			buildActionMask = 2147483647;
			files = (
				066D64C4202AE0FD00811737 /* LaunchScreen.storyboard in Resources */,
				066D64C1202AE0FD00811737 /* Assets.xcassets in Resources */,
				066D64BF202AE0FD00811737 /* Main.storyboard in Resources */,
			);
			runOnlyForDeploymentPostprocessing = 0;
		};
/* End PBXResourcesBuildPhase section */

/* Begin PBXSourcesBuildPhase section */
		066D64B2202AE0FD00811737 /* Sources */ = {
			isa = PBXSourcesBuildPhase;
			buildActionMask = 2147483647;
			files = (
				067D6CC4202C233C000A4C2D /* HResourceTableViewCell.swift in Sources */,
				067D6CC2202C1A72000A4C2D /* HResourceDetailVC.swift in Sources */,
				067E18A120312DE2006C0EC2 /* NewResourceVC.swift in Sources */,
				067D6CC0202C1740000A4C2D /* HResource.swift in Sources */,
				066D64BC202AE0FD00811737 /* MainVC.swift in Sources */,
				066D64D1202AF4FA00811737 /* HMResource.xcdatamodeld in Sources */,
				066D64BA202AE0FD00811737 /* AppDelegate.swift in Sources */,
			);
			runOnlyForDeploymentPostprocessing = 0;
		};
/* End PBXSourcesBuildPhase section */

/* Begin PBXVariantGroup section */
		066D64BD202AE0FD00811737 /* Main.storyboard */ = {
			isa = PBXVariantGroup;
			children = (
				066D64BE202AE0FD00811737 /* Base */,
			);
			name = Main.storyboard;
			sourceTree = "<group>";
		};
		066D64C2202AE0FD00811737 /* LaunchScreen.storyboard */ = {
			isa = PBXVariantGroup;
			children = (
				066D64C3202AE0FD00811737 /* Base */,
			);
			name = LaunchScreen.storyboard;
			sourceTree = "<group>";
		};
/* End PBXVariantGroup section */

/* Begin XCBuildConfiguration section */
		066D64C6202AE0FD00811737 /* Debug */ = {
			isa = XCBuildConfiguration;
			buildSettings = {
				ALWAYS_SEARCH_USER_PATHS = NO;
				CLANG_ANALYZER_NONNULL = YES;
				CLANG_ANALYZER_NUMBER_OBJECT_CONVERSION = YES_AGGRESSIVE;
				CLANG_CXX_LANGUAGE_STANDARD = "gnu++14";
				CLANG_CXX_LIBRARY = "libc++";
				CLANG_ENABLE_MODULES = YES;
				CLANG_ENABLE_OBJC_ARC = YES;
				CLANG_WARN_BLOCK_CAPTURE_AUTORELEASING = YES;
				CLANG_WARN_BOOL_CONVERSION = YES;
				CLANG_WARN_COMMA = YES;
				CLANG_WARN_CONSTANT_CONVERSION = YES;
				CLANG_WARN_DIRECT_OBJC_ISA_USAGE = YES_ERROR;
				CLANG_WARN_DOCUMENTATION_COMMENTS = YES;
				CLANG_WARN_EMPTY_BODY = YES;
				CLANG_WARN_ENUM_CONVERSION = YES;
				CLANG_WARN_INFINITE_RECURSION = YES;
				CLANG_WARN_INT_CONVERSION = YES;
				CLANG_WARN_NON_LITERAL_NULL_CONVERSION = YES;
				CLANG_WARN_OBJC_LITERAL_CONVERSION = YES;
				CLANG_WARN_OBJC_ROOT_CLASS = YES_ERROR;
				CLANG_WARN_RANGE_LOOP_ANALYSIS = YES;
				CLANG_WARN_STRICT_PROTOTYPES = YES;
				CLANG_WARN_SUSPICIOUS_MOVE = YES;
				CLANG_WARN_UNGUARDED_AVAILABILITY = YES_AGGRESSIVE;
				CLANG_WARN_UNREACHABLE_CODE = YES;
				CLANG_WARN__DUPLICATE_METHOD_MATCH = YES;
				CODE_SIGN_IDENTITY = "iPhone Developer";
				COPY_PHASE_STRIP = NO;
				DEBUG_INFORMATION_FORMAT = dwarf;
				ENABLE_STRICT_OBJC_MSGSEND = YES;
				ENABLE_TESTABILITY = YES;
				GCC_C_LANGUAGE_STANDARD = gnu11;
				GCC_DYNAMIC_NO_PIC = NO;
				GCC_NO_COMMON_BLOCKS = YES;
				GCC_OPTIMIZATION_LEVEL = 0;
				GCC_PREPROCESSOR_DEFINITIONS = (
					"DEBUG=1",
					"$(inherited)",
				);
				GCC_WARN_64_TO_32_BIT_CONVERSION = YES;
				GCC_WARN_ABOUT_RETURN_TYPE = YES_ERROR;
				GCC_WARN_UNDECLARED_SELECTOR = YES;
				GCC_WARN_UNINITIALIZED_AUTOS = YES_AGGRESSIVE;
				GCC_WARN_UNUSED_FUNCTION = YES;
				GCC_WARN_UNUSED_VARIABLE = YES;
				IPHONEOS_DEPLOYMENT_TARGET = 11.2;
				MTL_ENABLE_DEBUG_INFO = YES;
				ONLY_ACTIVE_ARCH = YES;
				SDKROOT = iphoneos;
				SWIFT_ACTIVE_COMPILATION_CONDITIONS = DEBUG;
				SWIFT_OPTIMIZATION_LEVEL = "-Onone";
			};
			name = Debug;
		};
		066D64C7202AE0FD00811737 /* Release */ = {
			isa = XCBuildConfiguration;
			buildSettings = {
				ALWAYS_SEARCH_USER_PATHS = NO;
				CLANG_ANALYZER_NONNULL = YES;
				CLANG_ANALYZER_NUMBER_OBJECT_CONVERSION = YES_AGGRESSIVE;
				CLANG_CXX_LANGUAGE_STANDARD = "gnu++14";
				CLANG_CXX_LIBRARY = "libc++";
				CLANG_ENABLE_MODULES = YES;
				CLANG_ENABLE_OBJC_ARC = YES;
				CLANG_WARN_BLOCK_CAPTURE_AUTORELEASING = YES;
				CLANG_WARN_BOOL_CONVERSION = YES;
				CLANG_WARN_COMMA = YES;
				CLANG_WARN_CONSTANT_CONVERSION = YES;
				CLANG_WARN_DIRECT_OBJC_ISA_USAGE = YES_ERROR;
				CLANG_WARN_DOCUMENTATION_COMMENTS = YES;
				CLANG_WARN_EMPTY_BODY = YES;
				CLANG_WARN_ENUM_CONVERSION = YES;
				CLANG_WARN_INFINITE_RECURSION = YES;
				CLANG_WARN_INT_CONVERSION = YES;
				CLANG_WARN_NON_LITERAL_NULL_CONVERSION = YES;
				CLANG_WARN_OBJC_LITERAL_CONVERSION = YES;
				CLANG_WARN_OBJC_ROOT_CLASS = YES_ERROR;
				CLANG_WARN_RANGE_LOOP_ANALYSIS = YES;
				CLANG_WARN_STRICT_PROTOTYPES = YES;
				CLANG_WARN_SUSPICIOUS_MOVE = YES;
				CLANG_WARN_UNGUARDED_AVAILABILITY = YES_AGGRESSIVE;
				CLANG_WARN_UNREACHABLE_CODE = YES;
				CLANG_WARN__DUPLICATE_METHOD_MATCH = YES;
				CODE_SIGN_IDENTITY = "iPhone Developer";
				COPY_PHASE_STRIP = NO;
				DEBUG_INFORMATION_FORMAT = "dwarf-with-dsym";
				ENABLE_NS_ASSERTIONS = NO;
				ENABLE_STRICT_OBJC_MSGSEND = YES;
				GCC_C_LANGUAGE_STANDARD = gnu11;
				GCC_NO_COMMON_BLOCKS = YES;
				GCC_WARN_64_TO_32_BIT_CONVERSION = YES;
				GCC_WARN_ABOUT_RETURN_TYPE = YES_ERROR;
				GCC_WARN_UNDECLARED_SELECTOR = YES;
				GCC_WARN_UNINITIALIZED_AUTOS = YES_AGGRESSIVE;
				GCC_WARN_UNUSED_FUNCTION = YES;
				GCC_WARN_UNUSED_VARIABLE = YES;
				IPHONEOS_DEPLOYMENT_TARGET = 11.2;
				MTL_ENABLE_DEBUG_INFO = NO;
				SDKROOT = iphoneos;
				SWIFT_OPTIMIZATION_LEVEL = "-Owholemodule";
				VALIDATE_PRODUCT = YES;
			};
			name = Release;
		};
		066D64C9202AE0FD00811737 /* Debug */ = {
			isa = XCBuildConfiguration;
			buildSettings = {
				ASSETCATALOG_COMPILER_APPICON_NAME = AppIcon;
				CODE_SIGN_STYLE = Automatic;
				DEVELOPMENT_TEAM = 758N2HLHYL;
				INFOPLIST_FILE = Homelet/Info.plist;
				LD_RUNPATH_SEARCH_PATHS = "$(inherited) @executable_path/Frameworks";
				PRODUCT_BUNDLE_IDENTIFIER = com.heshuhua.Homelet;
				PRODUCT_NAME = "$(TARGET_NAME)";
				SWIFT_VERSION = 4.0;
				TARGETED_DEVICE_FAMILY = "1,2";
			};
			name = Debug;
		};
		066D64CA202AE0FD00811737 /* Release */ = {
			isa = XCBuildConfiguration;
			buildSettings = {
				ASSETCATALOG_COMPILER_APPICON_NAME = AppIcon;
				CODE_SIGN_STYLE = Automatic;
				DEVELOPMENT_TEAM = 758N2HLHYL;
				INFOPLIST_FILE = Homelet/Info.plist;
				LD_RUNPATH_SEARCH_PATHS = "$(inherited) @executable_path/Frameworks";
				PRODUCT_BUNDLE_IDENTIFIER = com.heshuhua.Homelet;
				PRODUCT_NAME = "$(TARGET_NAME)";
				SWIFT_VERSION = 4.0;
				TARGETED_DEVICE_FAMILY = "1,2";
			};
			name = Release;
		};
/* End XCBuildConfiguration section */

/* Begin XCConfigurationList section */
		066D64B1202AE0FD00811737 /* Build configuration list for PBXProject "Homelet" */ = {
			isa = XCConfigurationList;
			buildConfigurations = (
				066D64C6202AE0FD00811737 /* Debug */,
				066D64C7202AE0FD00811737 /* Release */,
			);
			defaultConfigurationIsVisible = 0;
			defaultConfigurationName = Release;
		};
		066D64C8202AE0FD00811737 /* Build configuration list for PBXNativeTarget "Homelet" */ = {
			isa = XCConfigurationList;
			buildConfigurations = (
				066D64C9202AE0FD00811737 /* Debug */,
				066D64CA202AE0FD00811737 /* Release */,
			);
			defaultConfigurationIsVisible = 0;
			defaultConfigurationName = Release;
		};
/* End XCConfigurationList section */

/* Begin XCVersionGroup section */
		066D64CF202AF4FA00811737 /* HMResource.xcdatamodeld */ = {
			isa = XCVersionGroup;
			children = (
				066D64D0202AF4FA00811737 /* HMResource.xcdatamodel */,
			);
			currentVersion = 066D64D0202AF4FA00811737 /* HMResource.xcdatamodel */;
			path = HMResource.xcdatamodeld;
			sourceTree = "<group>";
			versionGroupType = wrapper.xcdatamodel;
		};
/* End XCVersionGroup section */
	};
	rootObject = 066D64AE202AE0FD00811737 /* Project object */;
}
